
Microsoft Visual Studio Solution File, Format Version 12.00
# Visual Studio Version 16
VisualStudioVersion = 16.0.31019.35
MinimumVisualStudioVersion = 10.0.40219.1
Project("{FAE04EC0-301F-11D3-BF4B-00C04F79EFBC}") = "Scheduler", "Scheduler\Scheduler.csproj", "{7CF09C6B-7FE0-4E5C-B7C6-45CA37AFA1BC}"
EndProject
Global
	GlobalSection(SolutionConfigurationPlatforms) = preSolution
		Debug|Any CPU = Debug|Any CPU
		Release|Any CPU = Release|Any CPU
	EndGlobalSection
	GlobalSection(ProjectConfigurationPlatforms) = postSolution
		{7CF09C6B-7FE0-4E5C-B7C6-45CA37AFA1BC}.Debug|Any CPU.ActiveCfg = Debug|Any CPU
		{7CF09C6B-7FE0-4E5C-B7C6-45CA37AFA1BC}.Debug|Any CPU.Build.0 = Debug|Any CPU
		{7CF09C6B-7FE0-4E5C-B7C6-45CA37AFA1BC}.Release|Any CPU.ActiveCfg = Release|Any CPU
		{7CF09C6B-7FE0-4E5C-B7C6-45CA37AFA1BC}.Release|Any CPU.Build.0 = Release|Any CPU
	EndGlobalSection
	GlobalSection(SolutionProperties) = preSolution
		HideSolutionNode = FALSE
	EndGlobalSection
	GlobalSection(ExtensibilityGlobals) = postSolution
		SolutionGuid = {BBEE4FF8-3CCD-499D-A241-B6D8C246640C}
	EndGlobalSection
EndGlobal
